
Microsoft Visual Studio Solution File, Format Version 12.00
# Visual Studio Version 17
VisualStudioVersion = 17.3.32811.315
MinimumVisualStudioVersion = 10.0.40219.1
Project("{9A19103F-16F7-4668-BE54-9A1E7A4F7556}") = "WinFormsApp1", "WinFormsApp1\WinFormsApp1.csproj", "{5D096E51-E221-4ABC-A371-E737ABF12BC0}"
EndProject
Project("{2150E333-8FDC-42A3-9474-1A3956D46DE8}") = "Elementos de la solución", "Elementos de la solución", "{9B35536D-0049-4937-BDF4-7BC5176B723D}"
	ProjectSection(SolutionItems) = preProject
		Class1.cs = Class1.cs
	EndProjectSection
EndProject
Global
	GlobalSection(SolutionConfigurationPlatforms) = preSolution
		Debug|Any CPU = Debug|Any CPU
		Release|Any CPU = Release|Any CPU
	EndGlobalSection
	GlobalSection(ProjectConfigurationPlatforms) = postSolution
		{5D096E51-E221-4ABC-A371-E737ABF12BC0}.Debug|Any CPU.ActiveCfg = Debug|Any CPU
		{5D096E51-E221-4ABC-A371-E737ABF12BC0}.Debug|Any CPU.Build.0 = Debug|Any CPU
		{5D096E51-E221-4ABC-A371-E737ABF12BC0}.Release|Any CPU.ActiveCfg = Release|Any CPU
		{5D096E51-E221-4ABC-A371-E737ABF12BC0}.Release|Any CPU.Build.0 = Release|Any CPU
	EndGlobalSection
	GlobalSection(SolutionProperties) = preSolution
		HideSolutionNode = FALSE
	EndGlobalSection
	GlobalSection(ExtensibilityGlobals) = postSolution
		SolutionGuid = {59978998-D1C9-4A72-A3B9-645893671B51}
	EndGlobalSection
EndGlobal
